
Microsoft Visual Studio Solution File, Format Version 12.00
# Visual Studio Version 17
VisualStudioVersion = 17.2.32516.85
MinimumVisualStudioVersion = 10.0.40219.1
Project("{9A19103F-16F7-4668-BE54-9A1E7A4F7556}") = "Mistral-Internship", "Mistral-Internship\Mistral-Internship.csproj", "{77B24442-30CD-42AF-BD51-C68AB7C55868}"
EndProject
Global
	GlobalSection(SolutionConfigurationPlatforms) = preSolution
		Debug|Any CPU = Debug|Any CPU
		Release|Any CPU = Release|Any CPU
	EndGlobalSection
	GlobalSection(ProjectConfigurationPlatforms) = postSolution
		{77B24442-30CD-42AF-BD51-C68AB7C55868}.Debug|Any CPU.ActiveCfg = Debug|Any CPU
		{77B24442-30CD-42AF-BD51-C68AB7C55868}.Debug|Any CPU.Build.0 = Debug|Any CPU
		{77B24442-30CD-42AF-BD51-C68AB7C55868}.Release|Any CPU.ActiveCfg = Release|Any CPU
		{77B24442-30CD-42AF-BD51-C68AB7C55868}.Release|Any CPU.Build.0 = Release|Any CPU
	EndGlobalSection
	GlobalSection(SolutionProperties) = preSolution
		HideSolutionNode = FALSE
	EndGlobalSection
	GlobalSection(ExtensibilityGlobals) = postSolution
		SolutionGuid = {27548490-F44B-463E-9602-F435A35E55D5}
	EndGlobalSection
EndGlobal
